// !$*UTF8*$!
{
	archiveVersion = 1;
	classes = {
	};
	objectVersion = 55;
	objects = {

/* Begin PBXBuildFile section */
		A3ECBE97284733E50058DDC2 /* AppDelegate.swift in Sources */ = {isa = PBXBuildFile; fileRef = A3ECBE96284733E50058DDC2 /* AppDelegate.swift */; };
		A3ECBE99284733E50058DDC2 /* SceneDelegate.swift in Sources */ = {isa = PBXBuildFile; fileRef = A3ECBE98284733E50058DDC2 /* SceneDelegate.swift */; };
		A3ECBE9B284733E50058DDC2 /* MainViewController.swift in Sources */ = {isa = PBXBuildFile; fileRef = A3ECBE9A284733E50058DDC2 /* MainViewController.swift */; };
		A3ECBE9E284733E50058DDC2 /* Main.storyboard in Resources */ = {isa = PBXBuildFile; fileRef = A3ECBE9C284733E50058DDC2 /* Main.storyboard */; };
		A3ECBEA0284733E60058DDC2 /* Assets.xcassets in Resources */ = {isa = PBXBuildFile; fileRef = A3ECBE9F284733E60058DDC2 /* Assets.xcassets */; };
		A3ECBEA3284733E60058DDC2 /* LaunchScreen.storyboard in Resources */ = {isa = PBXBuildFile; fileRef = A3ECBEA1284733E60058DDC2 /* LaunchScreen.storyboard */; };
		A3ECBEAB284740830058DDC2 /* OptionsViewController.swift in Sources */ = {isa = PBXBuildFile; fileRef = A3ECBEAA284740830058DDC2 /* OptionsViewController.swift */; };
		A3ECBEAD284750750058DDC2 /* Constants.swift in Sources */ = {isa = PBXBuildFile; fileRef = A3ECBEAC284750750058DDC2 /* Constants.swift */; };
		A3ECBEAF2847A3740058DDC2 /* FadeSegue.swift in Sources */ = {isa = PBXBuildFile; fileRef = A3ECBEAE2847A3740058DDC2 /* FadeSegue.swift */; };
		A3ECBEB1284814720058DDC2 /* WeatherData.swift in Sources */ = {isa = PBXBuildFile; fileRef = A3ECBEB0284814720058DDC2 /* WeatherData.swift */; };
		A3ECBEB3284815140058DDC2 /* WeatherModel.swift in Sources */ = {isa = PBXBuildFile; fileRef = A3ECBEB2284815140058DDC2 /* WeatherModel.swift */; };
		A3ECBEB62848160B0058DDC2 /* WeatherManager.swift in Sources */ = {isa = PBXBuildFile; fileRef = A3ECBEB52848160B0058DDC2 /* WeatherManager.swift */; };
/* End PBXBuildFile section */

/* Begin PBXFileReference section */
		A3ECBE93284733E50058DDC2 /* Minimalist Weather.app */ = {isa = PBXFileReference; explicitFileType = wrapper.application; includeInIndex = 0; path = "Minimalist Weather.app"; sourceTree = BUILT_PRODUCTS_DIR; };
		A3ECBE96284733E50058DDC2 /* AppDelegate.swift */ = {isa = PBXFileReference; lastKnownFileType = sourcecode.swift; path = AppDelegate.swift; sourceTree = "<group>"; };
		A3ECBE98284733E50058DDC2 /* SceneDelegate.swift */ = {isa = PBXFileReference; lastKnownFileType = sourcecode.swift; path = SceneDelegate.swift; sourceTree = "<group>"; };
		A3ECBE9A284733E50058DDC2 /* MainViewController.swift */ = {isa = PBXFileReference; lastKnownFileType = sourcecode.swift; path = MainViewController.swift; sourceTree = "<group>"; };
		A3ECBE9D284733E50058DDC2 /* Base */ = {isa = PBXFileReference; lastKnownFileType = file.storyboard; name = Base; path = Base.lproj/Main.storyboard; sourceTree = "<group>"; };
		A3ECBE9F284733E60058DDC2 /* Assets.xcassets */ = {isa = PBXFileReference; lastKnownFileType = folder.assetcatalog; path = Assets.xcassets; sourceTree = "<group>"; };
		A3ECBEA2284733E60058DDC2 /* Base */ = {isa = PBXFileReference; lastKnownFileType = file.storyboard; name = Base; path = Base.lproj/LaunchScreen.storyboard; sourceTree = "<group>"; };
		A3ECBEA4284733E60058DDC2 /* Info.plist */ = {isa = PBXFileReference; lastKnownFileType = text.plist.xml; path = Info.plist; sourceTree = "<group>"; };
		A3ECBEAA284740830058DDC2 /* OptionsViewController.swift */ = {isa = PBXFileReference; lastKnownFileType = sourcecode.swift; path = OptionsViewController.swift; sourceTree = "<group>"; };
		A3ECBEAC284750750058DDC2 /* Constants.swift */ = {isa = PBXFileReference; lastKnownFileType = sourcecode.swift; path = Constants.swift; sourceTree = "<group>"; };
		A3ECBEAE2847A3740058DDC2 /* FadeSegue.swift */ = {isa = PBXFileReference; lastKnownFileType = sourcecode.swift; path = FadeSegue.swift; sourceTree = "<group>"; };
		A3ECBEB0284814720058DDC2 /* WeatherData.swift */ = {isa = PBXFileReference; lastKnownFileType = sourcecode.swift; path = WeatherData.swift; sourceTree = "<group>"; };
		A3ECBEB2284815140058DDC2 /* WeatherModel.swift */ = {isa = PBXFileReference; lastKnownFileType = sourcecode.swift; path = WeatherModel.swift; sourceTree = "<group>"; };
		A3ECBEB52848160B0058DDC2 /* WeatherManager.swift */ = {isa = PBXFileReference; lastKnownFileType = sourcecode.swift; path = WeatherManager.swift; sourceTree = "<group>"; };
/* End PBXFileReference section */

/* Begin PBXFrameworksBuildPhase section */
		A3ECBE90284733E50058DDC2 /* Frameworks */ = {
			isa = PBXFrameworksBuildPhase;
			buildActionMask = 2147483647;
			files = (
			);
			runOnlyForDeploymentPostprocessing = 0;
		};
/* End PBXFrameworksBuildPhase section */

/* Begin PBXGroup section */
		A3ECBE8A284733E50058DDC2 = {
			isa = PBXGroup;
			children = (
				A3ECBE95284733E50058DDC2 /* Minimalist Weather */,
				A3ECBE94284733E50058DDC2 /* Products */,
			);
			sourceTree = "<group>";
		};
		A3ECBE94284733E50058DDC2 /* Products */ = {
			isa = PBXGroup;
			children = (
				A3ECBE93284733E50058DDC2 /* Minimalist Weather.app */,
			);
			name = Products;
			sourceTree = "<group>";
		};
		A3ECBE95284733E50058DDC2 /* Minimalist Weather */ = {
			isa = PBXGroup;
			children = (
				A3ECBE96284733E50058DDC2 /* AppDelegate.swift */,
				A3ECBE98284733E50058DDC2 /* SceneDelegate.swift */,
				A3ECBEB4284815620058DDC2 /* Model */,
				A3ECBEB8284818B70058DDC2 /* View */,
				A3ECBEB7284818AB0058DDC2 /* Controller */,
				A3ECBE9F284733E60058DDC2 /* Assets.xcassets */,
				A3ECBEA1284733E60058DDC2 /* LaunchScreen.storyboard */,
				A3ECBEA4284733E60058DDC2 /* Info.plist */,
				A3ECBEAC284750750058DDC2 /* Constants.swift */,
				A3ECBEAE2847A3740058DDC2 /* FadeSegue.swift */,
			);
			path = "Minimalist Weather";
			sourceTree = "<group>";
		};
		A3ECBEB4284815620058DDC2 /* Model */ = {
			isa = PBXGroup;
			children = (
				A3ECBEB0284814720058DDC2 /* WeatherData.swift */,
				A3ECBEB2284815140058DDC2 /* WeatherModel.swift */,
				A3ECBEB52848160B0058DDC2 /* WeatherManager.swift */,
			);
			path = Model;
			sourceTree = "<group>";
		};
		A3ECBEB7284818AB0058DDC2 /* Controller */ = {
			isa = PBXGroup;
			children = (
				A3ECBE9A284733E50058DDC2 /* MainViewController.swift */,
				A3ECBEAA284740830058DDC2 /* OptionsViewController.swift */,
			);
			path = Controller;
			sourceTree = "<group>";
		};
		A3ECBEB8284818B70058DDC2 /* View */ = {
			isa = PBXGroup;
			children = (
				A3ECBE9C284733E50058DDC2 /* Main.storyboard */,
			);
			path = View;
			sourceTree = "<group>";
		};
/* End PBXGroup section */

/* Begin PBXNativeTarget section */
		A3ECBE92284733E50058DDC2 /* Minimalist Weather */ = {
			isa = PBXNativeTarget;
			buildConfigurationList = A3ECBEA7284733E60058DDC2 /* Build configuration list for PBXNativeTarget "Minimalist Weather" */;
			buildPhases = (
				A3ECBE8F284733E50058DDC2 /* Sources */,
				A3ECBE90284733E50058DDC2 /* Frameworks */,
				A3ECBE91284733E50058DDC2 /* Resources */,
			);
			buildRules = (
			);
			dependencies = (
			);
			name = "Minimalist Weather";
			productName = "Minimalist Weather";
			productReference = A3ECBE93284733E50058DDC2 /* Minimalist Weather.app */;
			productType = "com.apple.product-type.application";
		};
/* End PBXNativeTarget section */

/* Begin PBXProject section */
		A3ECBE8B284733E50058DDC2 /* Project object */ = {
			isa = PBXProject;
			attributes = {
				BuildIndependentTargetsInParallel = 1;
				LastSwiftUpdateCheck = 1330;
				LastUpgradeCheck = 1330;
				TargetAttributes = {
					A3ECBE92284733E50058DDC2 = {
						CreatedOnToolsVersion = 13.3.1;
					};
				};
			};
			buildConfigurationList = A3ECBE8E284733E50058DDC2 /* Build configuration list for PBXProject "Minimalist Weather" */;
			compatibilityVersion = "Xcode 13.0";
			developmentRegion = en;
			hasScannedForEncodings = 0;
			knownRegions = (
				en,
				Base,
			);
			mainGroup = A3ECBE8A284733E50058DDC2;
			productRefGroup = A3ECBE94284733E50058DDC2 /* Products */;
			projectDirPath = "";
			projectRoot = "";
			targets = (
				A3ECBE92284733E50058DDC2 /* Minimalist Weather */,
			);
		};
/* End PBXProject section */

/* Begin PBXResourcesBuildPhase section */
		A3ECBE91284733E50058DDC2 /* Resources */ = {
			isa = PBXResourcesBuildPhase;
			buildActionMask = 2147483647;
			files = (
				A3ECBEA3284733E60058DDC2 /* LaunchScreen.storyboard in Resources */,
				A3ECBEA0284733E60058DDC2 /* Assets.xcassets in Resources */,
				A3ECBE9E284733E50058DDC2 /* Main.storyboard in Resources */,
			);
			runOnlyForDeploymentPostprocessing = 0;
		};
/* End PBXResourcesBuildPhase section */

/* Begin PBXSourcesBuildPhase section */
		A3ECBE8F284733E50058DDC2 /* Sources */ = {
			isa = PBXSourcesBuildPhase;
			buildActionMask = 2147483647;
			files = (
				A3ECBEAD284750750058DDC2 /* Constants.swift in Sources */,
				A3ECBEAF2847A3740058DDC2 /* FadeSegue.swift in Sources */,
				A3ECBEB1284814720058DDC2 /* WeatherData.swift in Sources */,
				A3ECBE9B284733E50058DDC2 /* MainViewController.swift in Sources */,
				A3ECBEAB284740830058DDC2 /* OptionsViewController.swift in Sources */,
				A3ECBE97284733E50058DDC2 /* AppDelegate.swift in Sources */,
				A3ECBEB62848160B0058DDC2 /* WeatherManager.swift in Sources */,
				A3ECBEB3284815140058DDC2 /* WeatherModel.swift in Sources */,
				A3ECBE99284733E50058DDC2 /* SceneDelegate.swift in Sources */,
			);
			runOnlyForDeploymentPostprocessing = 0;
		};
/* End PBXSourcesBuildPhase section */

/* Begin PBXVariantGroup section */
		A3ECBE9C284733E50058DDC2 /* Main.storyboard */ = {
			isa = PBXVariantGroup;
			children = (
				A3ECBE9D284733E50058DDC2 /* Base */,
			);
			name = Main.storyboard;
			sourceTree = "<group>";
		};
		A3ECBEA1284733E60058DDC2 /* LaunchScreen.storyboard */ = {
			isa = PBXVariantGroup;
			children = (
				A3ECBEA2284733E60058DDC2 /* Base */,
			);
			name = LaunchScreen.storyboard;
			sourceTree = "<group>";
		};
/* End PBXVariantGroup section */

/* Begin XCBuildConfiguration section */
		A3ECBEA5284733E60058DDC2 /* Debug */ = {
			isa = XCBuildConfiguration;
			buildSettings = {
				ALWAYS_SEARCH_USER_PATHS = NO;
				CLANG_ANALYZER_NONNULL = YES;
				CLANG_ANALYZER_NUMBER_OBJECT_CONVERSION = YES_AGGRESSIVE;
				CLANG_CXX_LANGUAGE_STANDARD = "gnu++17";
				CLANG_ENABLE_MODULES = YES;
				CLANG_ENABLE_OBJC_ARC = YES;
				CLANG_ENABLE_OBJC_WEAK = YES;
				CLANG_WARN_BLOCK_CAPTURE_AUTORELEASING = YES;
				CLANG_WARN_BOOL_CONVERSION = YES;
				CLANG_WARN_COMMA = YES;
				CLANG_WARN_CONSTANT_CONVERSION = YES;
				CLANG_WARN_DEPRECATED_OBJC_IMPLEMENTATIONS = YES;
				CLANG_WARN_DIRECT_OBJC_ISA_USAGE = YES_ERROR;
				CLANG_WARN_DOCUMENTATION_COMMENTS = YES;
				CLANG_WARN_EMPTY_BODY = YES;
				CLANG_WARN_ENUM_CONVERSION = YES;
				CLANG_WARN_INFINITE_RECURSION = YES;
				CLANG_WARN_INT_CONVERSION = YES;
				CLANG_WARN_NON_LITERAL_NULL_CONVERSION = YES;
				CLANG_WARN_OBJC_IMPLICIT_RETAIN_SELF = YES;
				CLANG_WARN_OBJC_LITERAL_CONVERSION = YES;
				CLANG_WARN_OBJC_ROOT_CLASS = YES_ERROR;
				CLANG_WARN_QUOTED_INCLUDE_IN_FRAMEWORK_HEADER = YES;
				CLANG_WARN_RANGE_LOOP_ANALYSIS = YES;
				CLANG_WARN_STRICT_PROTOTYPES = YES;
				CLANG_WARN_SUSPICIOUS_MOVE = YES;
				CLANG_WARN_UNGUARDED_AVAILABILITY = YES_AGGRESSIVE;
				CLANG_WARN_UNREACHABLE_CODE = YES;
				CLANG_WARN__DUPLICATE_METHOD_MATCH = YES;
				COPY_PHASE_STRIP = NO;
				DEBUG_INFORMATION_FORMAT = dwarf;
				ENABLE_STRICT_OBJC_MSGSEND = YES;
				ENABLE_TESTABILITY = YES;
				GCC_C_LANGUAGE_STANDARD = gnu11;
				GCC_DYNAMIC_NO_PIC = NO;
				GCC_NO_COMMON_BLOCKS = YES;
				GCC_OPTIMIZATION_LEVEL = 0;
				GCC_PREPROCESSOR_DEFINITIONS = (
					"DEBUG=1",
					"$(inherited)",
				);
				GCC_WARN_64_TO_32_BIT_CONVERSION = YES;
				GCC_WARN_ABOUT_RETURN_TYPE = YES_ERROR;
				GCC_WARN_UNDECLARED_SELECTOR = YES;
				GCC_WARN_UNINITIALIZED_AUTOS = YES_AGGRESSIVE;
				GCC_WARN_UNUSED_FUNCTION = YES;
				GCC_WARN_UNUSED_VARIABLE = YES;
				IPHONEOS_DEPLOYMENT_TARGET = 15.4;
				MTL_ENABLE_DEBUG_INFO = INCLUDE_SOURCE;
				MTL_FAST_MATH = YES;
				ONLY_ACTIVE_ARCH = YES;
				SDKROOT = iphoneos;
				SWIFT_ACTIVE_COMPILATION_CONDITIONS = DEBUG;
				SWIFT_OPTIMIZATION_LEVEL = "-Onone";
			};
			name = Debug;
		};
		A3ECBEA6284733E60058DDC2 /* Release */ = {
			isa = XCBuildConfiguration;
			buildSettings = {
				ALWAYS_SEARCH_USER_PATHS = NO;
				CLANG_ANALYZER_NONNULL = YES;
				CLANG_ANALYZER_NUMBER_OBJECT_CONVERSION = YES_AGGRESSIVE;
				CLANG_CXX_LANGUAGE_STANDARD = "gnu++17";
				CLANG_ENABLE_MODULES = YES;
				CLANG_ENABLE_OBJC_ARC = YES;
				CLANG_ENABLE_OBJC_WEAK = YES;
				CLANG_WARN_BLOCK_CAPTURE_AUTORELEASING = YES;
				CLANG_WARN_BOOL_CONVERSION = YES;
				CLANG_WARN_COMMA = YES;
				CLANG_WARN_CONSTANT_CONVERSION = YES;
				CLANG_WARN_DEPRECATED_OBJC_IMPLEMENTATIONS = YES;
				CLANG_WARN_DIRECT_OBJC_ISA_USAGE = YES_ERROR;
				CLANG_WARN_DOCUMENTATION_COMMENTS = YES;
				CLANG_WARN_EMPTY_BODY = YES;
				CLANG_WARN_ENUM_CONVERSION = YES;
				CLANG_WARN_INFINITE_RECURSION = YES;
				CLANG_WARN_INT_CONVERSION = YES;
				CLANG_WARN_NON_LITERAL_NULL_CONVERSION = YES;
				CLANG_WARN_OBJC_IMPLICIT_RETAIN_SELF = YES;
				CLANG_WARN_OBJC_LITERAL_CONVERSION = YES;
				CLANG_WARN_OBJC_ROOT_CLASS = YES_ERROR;
				CLANG_WARN_QUOTED_INCLUDE_IN_FRAMEWORK_HEADER = YES;
				CLANG_WARN_RANGE_LOOP_ANALYSIS = YES;
				CLANG_WARN_STRICT_PROTOTYPES = YES;
				CLANG_WARN_SUSPICIOUS_MOVE = YES;
				CLANG_WARN_UNGUARDED_AVAILABILITY = YES_AGGRESSIVE;
				CLANG_WARN_UNREACHABLE_CODE = YES;
				CLANG_WARN__DUPLICATE_METHOD_MATCH = YES;
				COPY_PHASE_STRIP = NO;
				DEBUG_INFORMATION_FORMAT = "dwarf-with-dsym";
				ENABLE_NS_ASSERTIONS = NO;
				ENABLE_STRICT_OBJC_MSGSEND = YES;
				GCC_C_LANGUAGE_STANDARD = gnu11;
				GCC_NO_COMMON_BLOCKS = YES;
				GCC_WARN_64_TO_32_BIT_CONVERSION = YES;
				GCC_WARN_ABOUT_RETURN_TYPE = YES_ERROR;
				GCC_WARN_UNDECLARED_SELECTOR = YES;
				GCC_WARN_UNINITIALIZED_AUTOS = YES_AGGRESSIVE;
				GCC_WARN_UNUSED_FUNCTION = YES;
				GCC_WARN_UNUSED_VARIABLE = YES;
				IPHONEOS_DEPLOYMENT_TARGET = 15.4;
				MTL_ENABLE_DEBUG_INFO = NO;
				MTL_FAST_MATH = YES;
				SDKROOT = iphoneos;
				SWIFT_COMPILATION_MODE = wholemodule;
				SWIFT_OPTIMIZATION_LEVEL = "-O";
				VALIDATE_PRODUCT = YES;
			};
			name = Release;
		};
		A3ECBEA8284733E60058DDC2 /* Debug */ = {
			isa = XCBuildConfiguration;
			buildSettings = {
				ASSETCATALOG_COMPILER_APPICON_NAME = AppIcon;
				ASSETCATALOG_COMPILER_GLOBAL_ACCENT_COLOR_NAME = AccentColor;
				CODE_SIGN_STYLE = Automatic;
				CURRENT_PROJECT_VERSION = 1;
				DEVELOPMENT_TEAM = LG87JSSL59;
				GENERATE_INFOPLIST_FILE = YES;
				INFOPLIST_FILE = "Minimalist Weather/Info.plist";
				INFOPLIST_KEY_UIApplicationSupportsIndirectInputEvents = YES;
				INFOPLIST_KEY_UILaunchStoryboardName = LaunchScreen;
				INFOPLIST_KEY_UIMainStoryboardFile = Main;
				INFOPLIST_KEY_UISupportedInterfaceOrientations_iPad = "UIInterfaceOrientationPortrait UIInterfaceOrientationPortraitUpsideDown UIInterfaceOrientationLandscapeLeft UIInterfaceOrientationLandscapeRight";
				INFOPLIST_KEY_UISupportedInterfaceOrientations_iPhone = "UIInterfaceOrientationPortrait UIInterfaceOrientationLandscapeLeft UIInterfaceOrientationLandscapeRight";
				LD_RUNPATH_SEARCH_PATHS = (
					"$(inherited)",
					"@executable_path/Frameworks",
				);
				MARKETING_VERSION = 1.0;
				PRODUCT_BUNDLE_IDENTIFIER = "com.himanshumatharu.Minimalist-Weather";
				PRODUCT_NAME = "$(TARGET_NAME)";
				SWIFT_EMIT_LOC_STRINGS = YES;
				SWIFT_VERSION = 5.0;
				TARGETED_DEVICE_FAMILY = "1,2";
			};
			name = Debug;
		};
		A3ECBEA9284733E60058DDC2 /* Release */ = {
			isa = XCBuildConfiguration;
			buildSettings = {
				ASSETCATALOG_COMPILER_APPICON_NAME = AppIcon;
				ASSETCATALOG_COMPILER_GLOBAL_ACCENT_COLOR_NAME = AccentColor;
				CODE_SIGN_STYLE = Automatic;
				CURRENT_PROJECT_VERSION = 1;
				DEVELOPMENT_TEAM = LG87JSSL59;
				GENERATE_INFOPLIST_FILE = YES;
				INFOPLIST_FILE = "Minimalist Weather/Info.plist";
				INFOPLIST_KEY_UIApplicationSupportsIndirectInputEvents = YES;
				INFOPLIST_KEY_UILaunchStoryboardName = LaunchScreen;
				INFOPLIST_KEY_UIMainStoryboardFile = Main;
				INFOPLIST_KEY_UISupportedInterfaceOrientations_iPad = "UIInterfaceOrientationPortrait UIInterfaceOrientationPortraitUpsideDown UIInterfaceOrientationLandscapeLeft UIInterfaceOrientationLandscapeRight";
				INFOPLIST_KEY_UISupportedInterfaceOrientations_iPhone = "UIInterfaceOrientationPortrait UIInterfaceOrientationLandscapeLeft UIInterfaceOrientationLandscapeRight";
				LD_RUNPATH_SEARCH_PATHS = (
					"$(inherited)",
					"@executable_path/Frameworks",
				);
				MARKETING_VERSION = 1.0;
				PRODUCT_BUNDLE_IDENTIFIER = "com.himanshumatharu.Minimalist-Weather";
				PRODUCT_NAME = "$(TARGET_NAME)";
				SWIFT_EMIT_LOC_STRINGS = YES;
				SWIFT_VERSION = 5.0;
				TARGETED_DEVICE_FAMILY = "1,2";
			};
			name = Release;
		};
/* End XCBuildConfiguration section */

/* Begin XCConfigurationList section */
		A3ECBE8E284733E50058DDC2 /* Build configuration list for PBXProject "Minimalist Weather" */ = {
			isa = XCConfigurationList;
			buildConfigurations = (
				A3ECBEA5284733E60058DDC2 /* Debug */,
				A3ECBEA6284733E60058DDC2 /* Release */,
			);
			defaultConfigurationIsVisible = 0;
			defaultConfigurationName = Release;
		};
		A3ECBEA7284733E60058DDC2 /* Build configuration list for PBXNativeTarget "Minimalist Weather" */ = {
			isa = XCConfigurationList;
			buildConfigurations = (
				A3ECBEA8284733E60058DDC2 /* Debug */,
				A3ECBEA9284733E60058DDC2 /* Release */,
			);
			defaultConfigurationIsVisible = 0;
			defaultConfigurationName = Release;
		};
/* End XCConfigurationList section */
	};
	rootObject = A3ECBE8B284733E50058DDC2 /* Project object */;
}
