// !$*UTF8*$!
{
	archiveVersion = 1;
	classes = {
	};
	objectVersion = 55;
	objects = {

/* Begin PBXBuildFile section */
		A30175172870D48C0051C33C /* StickyDotsView.swift in Sources */ = {isa = PBXBuildFile; fileRef = A30175162870D48C0051C33C /* StickyDotsView.swift */; };
		A301751F2872D0B20051C33C /* PushSlideInLeftAnimator.swift in Sources */ = {isa = PBXBuildFile; fileRef = A301751E2872D0B20051C33C /* PushSlideInLeftAnimator.swift */; };
		A30175232872DB5D0051C33C /* PopSlideOutLeftAnimator.swift in Sources */ = {isa = PBXBuildFile; fileRef = A30175222872DB5D0051C33C /* PopSlideOutLeftAnimator.swift */; };
		A301752928732E890051C33C /* TempCell.swift in Sources */ = {isa = PBXBuildFile; fileRef = A301752728732E890051C33C /* TempCell.swift */; };
		A301752A28732E890051C33C /* TempCell.xib in Resources */ = {isa = PBXBuildFile; fileRef = A301752828732E890051C33C /* TempCell.xib */; };
		A3017530287623420051C33C /* ForecastsViewController.swift in Sources */ = {isa = PBXBuildFile; fileRef = A301752F287623420051C33C /* ForecastsViewController.swift */; };
		A3017532287625960051C33C /* PushSlideUpAnimator.swift in Sources */ = {isa = PBXBuildFile; fileRef = A3017531287625960051C33C /* PushSlideUpAnimator.swift */; };
		A301753428762A230051C33C /* PopSlideDownAnimator.swift in Sources */ = {isa = PBXBuildFile; fileRef = A301753328762A230051C33C /* PopSlideDownAnimator.swift */; };
		A3017539287639FD0051C33C /* ForecastCell.swift in Sources */ = {isa = PBXBuildFile; fileRef = A3017537287639FD0051C33C /* ForecastCell.swift */; };
		A301753A287639FD0051C33C /* ForecastCell.xib in Resources */ = {isa = PBXBuildFile; fileRef = A3017538287639FD0051C33C /* ForecastCell.xib */; };
		A301753F2877DAEA0051C33C /* SwipeInteractionController.swift in Sources */ = {isa = PBXBuildFile; fileRef = A301753E2877DAEA0051C33C /* SwipeInteractionController.swift */; };
		A30175432880EE2F0051C33C /* Network.swift in Sources */ = {isa = PBXBuildFile; fileRef = A30175422880EE2F0051C33C /* Network.swift */; };
		A30175452880F6E20051C33C /* WeatherData.swift in Sources */ = {isa = PBXBuildFile; fileRef = A30175442880F6E20051C33C /* WeatherData.swift */; };
		A30175472880FE570051C33C /* WeatherManager.swift in Sources */ = {isa = PBXBuildFile; fileRef = A30175462880FE570051C33C /* WeatherManager.swift */; };
		A301754B28817F7B0051C33C /* ForecastModel.swift in Sources */ = {isa = PBXBuildFile; fileRef = A301754A28817F7B0051C33C /* ForecastModel.swift */; };
		A307B4EC289564EA00E3274F /* UIScrollView+RemoveAllSubviews.swift in Sources */ = {isa = PBXBuildFile; fileRef = A307B4EB289564EA00E3274F /* UIScrollView+RemoveAllSubviews.swift */; };
		A35073F32881BF4F00092B9D /* Date+DayOfWeek.swift in Sources */ = {isa = PBXBuildFile; fileRef = A35073F22881BF4F00092B9D /* Date+DayOfWeek.swift */; };
		A35073F62881DD7900092B9D /* Array+Average.swift in Sources */ = {isa = PBXBuildFile; fileRef = A35073F52881DD7900092B9D /* Array+Average.swift */; };
		A35073F82881DE7100092B9D /* Collection+MostFrequent.swift in Sources */ = {isa = PBXBuildFile; fileRef = A35073F72881DE7100092B9D /* Collection+MostFrequent.swift */; };
		A390326D28A0D20F001537EB /* WidgetKit.framework in Frameworks */ = {isa = PBXBuildFile; fileRef = A390326C28A0D20F001537EB /* WidgetKit.framework */; };
		A390326F28A0D20F001537EB /* SwiftUI.framework in Frameworks */ = {isa = PBXBuildFile; fileRef = A390326E28A0D20F001537EB /* SwiftUI.framework */; };
		A390327228A0D20F001537EB /* Widget.swift in Sources */ = {isa = PBXBuildFile; fileRef = A390327128A0D20F001537EB /* Widget.swift */; };
		A390327428A0D211001537EB /* Assets.xcassets in Resources */ = {isa = PBXBuildFile; fileRef = A390327328A0D211001537EB /* Assets.xcassets */; };
		A390327828A0D211001537EB /* WidgetExtension.appex in Embed App Extensions */ = {isa = PBXBuildFile; fileRef = A390326A28A0D20F001537EB /* WidgetExtension.appex */; settings = {ATTRIBUTES = (RemoveHeadersOnCopy, ); }; };
		A390327E28A0D286001537EB /* SelectCityIntent.intentdefinition in Sources */ = {isa = PBXBuildFile; fileRef = A390327D28A0D286001537EB /* SelectCityIntent.intentdefinition */; };
		A390328628A0D33B001537EB /* Intents.framework in Frameworks */ = {isa = PBXBuildFile; fileRef = A390328528A0D33B001537EB /* Intents.framework */; };
		A390328928A0D33B001537EB /* IntentHandler.swift in Sources */ = {isa = PBXBuildFile; fileRef = A390328828A0D33B001537EB /* IntentHandler.swift */; };
		A390328D28A0D33B001537EB /* Widget Intent.appex in Embed App Extensions */ = {isa = PBXBuildFile; fileRef = A390328428A0D33B001537EB /* Widget Intent.appex */; settings = {ATTRIBUTES = (RemoveHeadersOnCopy, ); }; };
		A390329328A0D8C2001537EB /* SelectCityIntent.intentdefinition in Sources */ = {isa = PBXBuildFile; fileRef = A390327D28A0D286001537EB /* SelectCityIntent.intentdefinition */; };
		A390329428A0D8C4001537EB /* SelectCityIntent.intentdefinition in Sources */ = {isa = PBXBuildFile; fileRef = A390327D28A0D286001537EB /* SelectCityIntent.intentdefinition */; };
		A390329628A0D8F4001537EB /* WidgetView.swift in Sources */ = {isa = PBXBuildFile; fileRef = A390329528A0D8F4001537EB /* WidgetView.swift */; };
		A390329728A0D9B1001537EB /* WeatherModel.swift in Sources */ = {isa = PBXBuildFile; fileRef = A3ECBEB2284815140058DDC2 /* WeatherModel.swift */; };
		A390329928A0DA87001537EB /* WidgetTimelineProvider.swift in Sources */ = {isa = PBXBuildFile; fileRef = A390329828A0DA87001537EB /* WidgetTimelineProvider.swift */; };
		A390329B28A0DAFC001537EB /* WidgetEntry.swift in Sources */ = {isa = PBXBuildFile; fileRef = A390329A28A0DAFC001537EB /* WidgetEntry.swift */; };
		A390329C28A0DBD1001537EB /* CityModel.swift in Sources */ = {isa = PBXBuildFile; fileRef = A3C6F3B62894955D00F2002A /* CityModel.swift */; };
		A39032A028A0E966001537EB /* Constants.swift in Sources */ = {isa = PBXBuildFile; fileRef = A3ECBEAC284750750058DDC2 /* Constants.swift */; };
		A39032A428A0EF4A001537EB /* Network.swift in Sources */ = {isa = PBXBuildFile; fileRef = A39032A328A0EF4A001537EB /* Network.swift */; };
		A39032A528A0F148001537EB /* WeatherRequest.swift in Sources */ = {isa = PBXBuildFile; fileRef = A3ECBEB0284814720058DDC2 /* WeatherRequest.swift */; };
		A39032A728A0F2D1001537EB /* WeatherManager.swift in Sources */ = {isa = PBXBuildFile; fileRef = A39032A628A0F2D1001537EB /* WeatherManager.swift */; };
		A39032A828A0F805001537EB /* Constants.swift in Sources */ = {isa = PBXBuildFile; fileRef = A3ECBEAC284750750058DDC2 /* Constants.swift */; };
		A39032A928A0F81A001537EB /* CityModel.swift in Sources */ = {isa = PBXBuildFile; fileRef = A3C6F3B62894955D00F2002A /* CityModel.swift */; };
		A39032AC28A1E280001537EB /* LocationManager.swift in Sources */ = {isa = PBXBuildFile; fileRef = A39032AB28A1E280001537EB /* LocationManager.swift */; };
		A3B6E3532898DE8C00C6794B /* SearchViewController.swift in Sources */ = {isa = PBXBuildFile; fileRef = A3B6E3522898DE8C00C6794B /* SearchViewController.swift */; };
		A3B6E357289937A200C6794B /* SearchDetailViewController.swift in Sources */ = {isa = PBXBuildFile; fileRef = A3B6E356289937A200C6794B /* SearchDetailViewController.swift */; };
		A3B8A537286EC0800046CA30 /* TempContentView.xib in Resources */ = {isa = PBXBuildFile; fileRef = A3B8A536286EC0800046CA30 /* TempContentView.xib */; };
		A3B8A539286EC5240046CA30 /* TempContentView.swift in Sources */ = {isa = PBXBuildFile; fileRef = A3B8A538286EC5240046CA30 /* TempContentView.swift */; };
		A3C6F3B72894955D00F2002A /* CityModel.swift in Sources */ = {isa = PBXBuildFile; fileRef = A3C6F3B62894955D00F2002A /* CityModel.swift */; };
		A3E529D4289A045B0094DE9F /* MulticastDelegate.swift in Sources */ = {isa = PBXBuildFile; fileRef = A3E529D3289A045B0094DE9F /* MulticastDelegate.swift */; };
		A3ECBE97284733E50058DDC2 /* AppDelegate.swift in Sources */ = {isa = PBXBuildFile; fileRef = A3ECBE96284733E50058DDC2 /* AppDelegate.swift */; };
		A3ECBE99284733E50058DDC2 /* SceneDelegate.swift in Sources */ = {isa = PBXBuildFile; fileRef = A3ECBE98284733E50058DDC2 /* SceneDelegate.swift */; };
		A3ECBE9B284733E50058DDC2 /* MainViewController.swift in Sources */ = {isa = PBXBuildFile; fileRef = A3ECBE9A284733E50058DDC2 /* MainViewController.swift */; };
		A3ECBE9E284733E50058DDC2 /* Main.storyboard in Resources */ = {isa = PBXBuildFile; fileRef = A3ECBE9C284733E50058DDC2 /* Main.storyboard */; };
		A3ECBEA0284733E60058DDC2 /* Assets.xcassets in Resources */ = {isa = PBXBuildFile; fileRef = A3ECBE9F284733E60058DDC2 /* Assets.xcassets */; };
		A3ECBEA3284733E60058DDC2 /* LaunchScreen.storyboard in Resources */ = {isa = PBXBuildFile; fileRef = A3ECBEA1284733E60058DDC2 /* LaunchScreen.storyboard */; };
		A3ECBEAB284740830058DDC2 /* OptionsViewController.swift in Sources */ = {isa = PBXBuildFile; fileRef = A3ECBEAA284740830058DDC2 /* OptionsViewController.swift */; };
		A3ECBEAD284750750058DDC2 /* Constants.swift in Sources */ = {isa = PBXBuildFile; fileRef = A3ECBEAC284750750058DDC2 /* Constants.swift */; };
		A3ECBEB1284814720058DDC2 /* WeatherRequest.swift in Sources */ = {isa = PBXBuildFile; fileRef = A3ECBEB0284814720058DDC2 /* WeatherRequest.swift */; };
		A3ECBEB3284815140058DDC2 /* WeatherModel.swift in Sources */ = {isa = PBXBuildFile; fileRef = A3ECBEB2284815140058DDC2 /* WeatherModel.swift */; };
/* End PBXBuildFile section */

/* Begin PBXContainerItemProxy section */
		A390327628A0D211001537EB /* PBXContainerItemProxy */ = {
			isa = PBXContainerItemProxy;
			containerPortal = A3ECBE8B284733E50058DDC2 /* Project object */;
			proxyType = 1;
			remoteGlobalIDString = A390326928A0D20F001537EB;
			remoteInfo = WidgetExtension;
		};
		A390328B28A0D33B001537EB /* PBXContainerItemProxy */ = {
			isa = PBXContainerItemProxy;
			containerPortal = A3ECBE8B284733E50058DDC2 /* Project object */;
			proxyType = 1;
			remoteGlobalIDString = A390328328A0D33B001537EB;
			remoteInfo = "Widget Intent";
		};
/* End PBXContainerItemProxy section */

/* Begin PBXCopyFilesBuildPhase section */
		A390327928A0D211001537EB /* Embed App Extensions */ = {
			isa = PBXCopyFilesBuildPhase;
			buildActionMask = 2147483647;
			dstPath = "";
			dstSubfolderSpec = 13;
			files = (
				A390327828A0D211001537EB /* WidgetExtension.appex in Embed App Extensions */,
				A390328D28A0D33B001537EB /* Widget Intent.appex in Embed App Extensions */,
			);
			name = "Embed App Extensions";
			runOnlyForDeploymentPostprocessing = 0;
		};
/* End PBXCopyFilesBuildPhase section */

/* Begin PBXFileReference section */
		A30175162870D48C0051C33C /* StickyDotsView.swift */ = {isa = PBXFileReference; lastKnownFileType = sourcecode.swift; path = StickyDotsView.swift; sourceTree = "<group>"; };
		A301751E2872D0B20051C33C /* PushSlideInLeftAnimator.swift */ = {isa = PBXFileReference; lastKnownFileType = sourcecode.swift; path = PushSlideInLeftAnimator.swift; sourceTree = "<group>"; };
		A30175222872DB5D0051C33C /* PopSlideOutLeftAnimator.swift */ = {isa = PBXFileReference; lastKnownFileType = sourcecode.swift; path = PopSlideOutLeftAnimator.swift; sourceTree = "<group>"; };
		A301752728732E890051C33C /* TempCell.swift */ = {isa = PBXFileReference; lastKnownFileType = sourcecode.swift; path = TempCell.swift; sourceTree = "<group>"; };
		A301752828732E890051C33C /* TempCell.xib */ = {isa = PBXFileReference; lastKnownFileType = file.xib; path = TempCell.xib; sourceTree = "<group>"; };
		A301752F287623420051C33C /* ForecastsViewController.swift */ = {isa = PBXFileReference; lastKnownFileType = sourcecode.swift; path = ForecastsViewController.swift; sourceTree = "<group>"; };
		A3017531287625960051C33C /* PushSlideUpAnimator.swift */ = {isa = PBXFileReference; lastKnownFileType = sourcecode.swift; path = PushSlideUpAnimator.swift; sourceTree = "<group>"; };
		A301753328762A230051C33C /* PopSlideDownAnimator.swift */ = {isa = PBXFileReference; lastKnownFileType = sourcecode.swift; path = PopSlideDownAnimator.swift; sourceTree = "<group>"; };
		A3017537287639FD0051C33C /* ForecastCell.swift */ = {isa = PBXFileReference; lastKnownFileType = sourcecode.swift; path = ForecastCell.swift; sourceTree = "<group>"; };
		A3017538287639FD0051C33C /* ForecastCell.xib */ = {isa = PBXFileReference; lastKnownFileType = file.xib; path = ForecastCell.xib; sourceTree = "<group>"; };
		A301753E2877DAEA0051C33C /* SwipeInteractionController.swift */ = {isa = PBXFileReference; lastKnownFileType = sourcecode.swift; path = SwipeInteractionController.swift; sourceTree = "<group>"; };
		A30175422880EE2F0051C33C /* Network.swift */ = {isa = PBXFileReference; lastKnownFileType = sourcecode.swift; path = Network.swift; sourceTree = "<group>"; };
		A30175442880F6E20051C33C /* WeatherData.swift */ = {isa = PBXFileReference; lastKnownFileType = sourcecode.swift; path = WeatherData.swift; sourceTree = "<group>"; };
		A30175462880FE570051C33C /* WeatherManager.swift */ = {isa = PBXFileReference; lastKnownFileType = sourcecode.swift; path = WeatherManager.swift; sourceTree = "<group>"; };
		A301754A28817F7B0051C33C /* ForecastModel.swift */ = {isa = PBXFileReference; lastKnownFileType = sourcecode.swift; path = ForecastModel.swift; sourceTree = "<group>"; };
		A307B4EB289564EA00E3274F /* UIScrollView+RemoveAllSubviews.swift */ = {isa = PBXFileReference; lastKnownFileType = sourcecode.swift; path = "UIScrollView+RemoveAllSubviews.swift"; sourceTree = "<group>"; };
		A34AAB1B28ACF53C004DC0D4 /* config.md */ = {isa = PBXFileReference; lastKnownFileType = net.daringfireball.markdown; path = config.md; sourceTree = "<group>"; };
		A35073F22881BF4F00092B9D /* Date+DayOfWeek.swift */ = {isa = PBXFileReference; lastKnownFileType = sourcecode.swift; path = "Date+DayOfWeek.swift"; sourceTree = "<group>"; };
		A35073F52881DD7900092B9D /* Array+Average.swift */ = {isa = PBXFileReference; lastKnownFileType = sourcecode.swift; path = "Array+Average.swift"; sourceTree = "<group>"; };
		A35073F72881DE7100092B9D /* Collection+MostFrequent.swift */ = {isa = PBXFileReference; lastKnownFileType = sourcecode.swift; path = "Collection+MostFrequent.swift"; sourceTree = "<group>"; };
		A390326A28A0D20F001537EB /* WidgetExtension.appex */ = {isa = PBXFileReference; explicitFileType = "wrapper.app-extension"; includeInIndex = 0; path = WidgetExtension.appex; sourceTree = BUILT_PRODUCTS_DIR; };
		A390326C28A0D20F001537EB /* WidgetKit.framework */ = {isa = PBXFileReference; lastKnownFileType = wrapper.framework; name = WidgetKit.framework; path = System/Library/Frameworks/WidgetKit.framework; sourceTree = SDKROOT; };
		A390326E28A0D20F001537EB /* SwiftUI.framework */ = {isa = PBXFileReference; lastKnownFileType = wrapper.framework; name = SwiftUI.framework; path = System/Library/Frameworks/SwiftUI.framework; sourceTree = SDKROOT; };
		A390327128A0D20F001537EB /* Widget.swift */ = {isa = PBXFileReference; lastKnownFileType = sourcecode.swift; path = Widget.swift; sourceTree = "<group>"; };
		A390327328A0D211001537EB /* Assets.xcassets */ = {isa = PBXFileReference; lastKnownFileType = folder.assetcatalog; path = Assets.xcassets; sourceTree = "<group>"; };
		A390327528A0D211001537EB /* Info.plist */ = {isa = PBXFileReference; lastKnownFileType = text.plist.xml; path = Info.plist; sourceTree = "<group>"; };
		A390327D28A0D286001537EB /* SelectCityIntent.intentdefinition */ = {isa = PBXFileReference; lastKnownFileType = file.intentdefinition; path = SelectCityIntent.intentdefinition; sourceTree = "<group>"; };
		A390328428A0D33B001537EB /* Widget Intent.appex */ = {isa = PBXFileReference; explicitFileType = "wrapper.app-extension"; includeInIndex = 0; path = "Widget Intent.appex"; sourceTree = BUILT_PRODUCTS_DIR; };
		A390328528A0D33B001537EB /* Intents.framework */ = {isa = PBXFileReference; lastKnownFileType = wrapper.framework; name = Intents.framework; path = System/Library/Frameworks/Intents.framework; sourceTree = SDKROOT; };
		A390328828A0D33B001537EB /* IntentHandler.swift */ = {isa = PBXFileReference; lastKnownFileType = sourcecode.swift; path = IntentHandler.swift; sourceTree = "<group>"; };
		A390328A28A0D33B001537EB /* Info.plist */ = {isa = PBXFileReference; lastKnownFileType = text.plist.xml; path = Info.plist; sourceTree = "<group>"; };
		A390329128A0D3EF001537EB /* Minimalist Weather.entitlements */ = {isa = PBXFileReference; lastKnownFileType = text.plist.entitlements; path = "Minimalist Weather.entitlements"; sourceTree = "<group>"; };
		A390329228A0D43E001537EB /* WidgetExtension.entitlements */ = {isa = PBXFileReference; lastKnownFileType = text.plist.entitlements; path = WidgetExtension.entitlements; sourceTree = "<group>"; };
		A390329528A0D8F4001537EB /* WidgetView.swift */ = {isa = PBXFileReference; lastKnownFileType = sourcecode.swift; path = WidgetView.swift; sourceTree = "<group>"; };
		A390329828A0DA87001537EB /* WidgetTimelineProvider.swift */ = {isa = PBXFileReference; lastKnownFileType = sourcecode.swift; path = WidgetTimelineProvider.swift; sourceTree = "<group>"; };
		A390329A28A0DAFC001537EB /* WidgetEntry.swift */ = {isa = PBXFileReference; lastKnownFileType = sourcecode.swift; path = WidgetEntry.swift; sourceTree = "<group>"; };
		A39032A328A0EF4A001537EB /* Network.swift */ = {isa = PBXFileReference; lastKnownFileType = sourcecode.swift; path = Network.swift; sourceTree = "<group>"; };
		A39032A628A0F2D1001537EB /* WeatherManager.swift */ = {isa = PBXFileReference; lastKnownFileType = sourcecode.swift; path = WeatherManager.swift; sourceTree = "<group>"; };
		A39032AA28A19CBF001537EB /* Widget Intent.entitlements */ = {isa = PBXFileReference; lastKnownFileType = text.plist.entitlements; path = "Widget Intent.entitlements"; sourceTree = "<group>"; };
		A39032AB28A1E280001537EB /* LocationManager.swift */ = {isa = PBXFileReference; lastKnownFileType = sourcecode.swift; path = LocationManager.swift; sourceTree = "<group>"; };
		A3B6E3522898DE8C00C6794B /* SearchViewController.swift */ = {isa = PBXFileReference; lastKnownFileType = sourcecode.swift; path = SearchViewController.swift; sourceTree = "<group>"; };
		A3B6E356289937A200C6794B /* SearchDetailViewController.swift */ = {isa = PBXFileReference; lastKnownFileType = sourcecode.swift; path = SearchDetailViewController.swift; sourceTree = "<group>"; };
		A3B8A536286EC0800046CA30 /* TempContentView.xib */ = {isa = PBXFileReference; lastKnownFileType = file.xib; path = TempContentView.xib; sourceTree = "<group>"; };
		A3B8A538286EC5240046CA30 /* TempContentView.swift */ = {isa = PBXFileReference; lastKnownFileType = sourcecode.swift; path = TempContentView.swift; sourceTree = "<group>"; };
		A3C6F3B62894955D00F2002A /* CityModel.swift */ = {isa = PBXFileReference; lastKnownFileType = sourcecode.swift; path = CityModel.swift; sourceTree = "<group>"; };
		A3E529D3289A045B0094DE9F /* MulticastDelegate.swift */ = {isa = PBXFileReference; lastKnownFileType = sourcecode.swift; path = MulticastDelegate.swift; sourceTree = "<group>"; };
		A3ECBE93284733E50058DDC2 /* Minimal Weather.app */ = {isa = PBXFileReference; explicitFileType = wrapper.application; includeInIndex = 0; path = "Minimal Weather.app"; sourceTree = BUILT_PRODUCTS_DIR; };
		A3ECBE96284733E50058DDC2 /* AppDelegate.swift */ = {isa = PBXFileReference; lastKnownFileType = sourcecode.swift; path = AppDelegate.swift; sourceTree = "<group>"; };
		A3ECBE98284733E50058DDC2 /* SceneDelegate.swift */ = {isa = PBXFileReference; lastKnownFileType = sourcecode.swift; path = SceneDelegate.swift; sourceTree = "<group>"; };
		A3ECBE9A284733E50058DDC2 /* MainViewController.swift */ = {isa = PBXFileReference; lastKnownFileType = sourcecode.swift; path = MainViewController.swift; sourceTree = "<group>"; };
		A3ECBE9D284733E50058DDC2 /* Base */ = {isa = PBXFileReference; lastKnownFileType = file.storyboard; name = Base; path = Base.lproj/Main.storyboard; sourceTree = "<group>"; };
		A3ECBE9F284733E60058DDC2 /* Assets.xcassets */ = {isa = PBXFileReference; lastKnownFileType = folder.assetcatalog; path = Assets.xcassets; sourceTree = "<group>"; };
		A3ECBEA2284733E60058DDC2 /* Base */ = {isa = PBXFileReference; lastKnownFileType = file.storyboard; name = Base; path = Base.lproj/LaunchScreen.storyboard; sourceTree = "<group>"; };
		A3ECBEA4284733E60058DDC2 /* Info.plist */ = {isa = PBXFileReference; lastKnownFileType = text.plist.xml; name = Info.plist; path = "Minimalist Weather/Supporting Files/Info.plist"; sourceTree = SOURCE_ROOT; };
		A3ECBEAA284740830058DDC2 /* OptionsViewController.swift */ = {isa = PBXFileReference; lastKnownFileType = sourcecode.swift; path = OptionsViewController.swift; sourceTree = "<group>"; };
		A3ECBEAC284750750058DDC2 /* Constants.swift */ = {isa = PBXFileReference; lastKnownFileType = sourcecode.swift; path = Constants.swift; sourceTree = "<group>"; };
		A3ECBEB0284814720058DDC2 /* WeatherRequest.swift */ = {isa = PBXFileReference; lastKnownFileType = sourcecode.swift; path = WeatherRequest.swift; sourceTree = "<group>"; };
		A3ECBEB2284815140058DDC2 /* WeatherModel.swift */ = {isa = PBXFileReference; lastKnownFileType = sourcecode.swift; path = WeatherModel.swift; sourceTree = "<group>"; };
/* End PBXFileReference section */

/* Begin PBXFrameworksBuildPhase section */
		A390326728A0D20F001537EB /* Frameworks */ = {
			isa = PBXFrameworksBuildPhase;
			buildActionMask = 2147483647;
			files = (
				A390326F28A0D20F001537EB /* SwiftUI.framework in Frameworks */,
				A390326D28A0D20F001537EB /* WidgetKit.framework in Frameworks */,
			);
			runOnlyForDeploymentPostprocessing = 0;
		};
		A390328128A0D33B001537EB /* Frameworks */ = {
			isa = PBXFrameworksBuildPhase;
			buildActionMask = 2147483647;
			files = (
				A390328628A0D33B001537EB /* Intents.framework in Frameworks */,
			);
			runOnlyForDeploymentPostprocessing = 0;
		};
		A3ECBE90284733E50058DDC2 /* Frameworks */ = {
			isa = PBXFrameworksBuildPhase;
			buildActionMask = 2147483647;
			files = (
			);
			runOnlyForDeploymentPostprocessing = 0;
		};
/* End PBXFrameworksBuildPhase section */

/* Begin PBXGroup section */
		A30175242872E0810051C33C /* Animators */ = {
			isa = PBXGroup;
			children = (
				A301751E2872D0B20051C33C /* PushSlideInLeftAnimator.swift */,
				A30175222872DB5D0051C33C /* PopSlideOutLeftAnimator.swift */,
				A3017531287625960051C33C /* PushSlideUpAnimator.swift */,
				A301753328762A230051C33C /* PopSlideDownAnimator.swift */,
				A301753E2877DAEA0051C33C /* SwipeInteractionController.swift */,
			);
			path = Animators;
			sourceTree = "<group>";
		};
		A3017548288119D40051C33C /* Supporting Files */ = {
			isa = PBXGroup;
			children = (
				A390329128A0D3EF001537EB /* Minimalist Weather.entitlements */,
				A3ECBEA4284733E60058DDC2 /* Info.plist */,
			);
			path = "Supporting Files";
			sourceTree = "<group>";
		};
		A301754928811A050051C33C /* Resources */ = {
			isa = PBXGroup;
			children = (
				A3ECBE9F284733E60058DDC2 /* Assets.xcassets */,
				A3ECBEA1284733E60058DDC2 /* LaunchScreen.storyboard */,
				A3ECBE9C284733E50058DDC2 /* Main.storyboard */,
			);
			path = Resources;
			sourceTree = "<group>";
		};
		A35073F42881BF5600092B9D /* Extensions */ = {
			isa = PBXGroup;
			children = (
				A35073F22881BF4F00092B9D /* Date+DayOfWeek.swift */,
				A35073F52881DD7900092B9D /* Array+Average.swift */,
				A35073F72881DE7100092B9D /* Collection+MostFrequent.swift */,
				A307B4EB289564EA00E3274F /* UIScrollView+RemoveAllSubviews.swift */,
			);
			path = Extensions;
			sourceTree = "<group>";
		};
		A390326B28A0D20F001537EB /* Frameworks */ = {
			isa = PBXGroup;
			children = (
				A390326C28A0D20F001537EB /* WidgetKit.framework */,
				A390326E28A0D20F001537EB /* SwiftUI.framework */,
				A390328528A0D33B001537EB /* Intents.framework */,
			);
			name = Frameworks;
			sourceTree = "<group>";
		};
		A390327028A0D20F001537EB /* Widget */ = {
			isa = PBXGroup;
			children = (
				A39032A128A0EEDB001537EB /* Network */,
				A390329528A0D8F4001537EB /* WidgetView.swift */,
				A390329A28A0DAFC001537EB /* WidgetEntry.swift */,
				A390329828A0DA87001537EB /* WidgetTimelineProvider.swift */,
				A390327128A0D20F001537EB /* Widget.swift */,
				A390329228A0D43E001537EB /* WidgetExtension.entitlements */,
				A390327328A0D211001537EB /* Assets.xcassets */,
				A390327528A0D211001537EB /* Info.plist */,
			);
			path = Widget;
			sourceTree = "<group>";
		};
		A390327F28A0D292001537EB /* Intents */ = {
			isa = PBXGroup;
			children = (
				A390327D28A0D286001537EB /* SelectCityIntent.intentdefinition */,
			);
			path = Intents;
			sourceTree = "<group>";
		};
		A390328728A0D33B001537EB /* Widget Intent */ = {
			isa = PBXGroup;
			children = (
				A390328828A0D33B001537EB /* IntentHandler.swift */,
				A39032AA28A19CBF001537EB /* Widget Intent.entitlements */,
				A390328A28A0D33B001537EB /* Info.plist */,
			);
			path = "Widget Intent";
			sourceTree = "<group>";
		};
		A39032A128A0EEDB001537EB /* Network */ = {
			isa = PBXGroup;
			children = (
				A39032A328A0EF4A001537EB /* Network.swift */,
				A39032A628A0F2D1001537EB /* WeatherManager.swift */,
				A39032AB28A1E280001537EB /* LocationManager.swift */,
			);
			path = Network;
			sourceTree = "<group>";
		};
		A3ECBE8A284733E50058DDC2 = {
			isa = PBXGroup;
			children = (
				A3ECBE95284733E50058DDC2 /* Minimalist Weather */,
				A390327028A0D20F001537EB /* Widget */,
				A390328728A0D33B001537EB /* Widget Intent */,
				A390326B28A0D20F001537EB /* Frameworks */,
				A3ECBE94284733E50058DDC2 /* Products */,
			);
			sourceTree = "<group>";
		};
		A3ECBE94284733E50058DDC2 /* Products */ = {
			isa = PBXGroup;
			children = (
				A3ECBE93284733E50058DDC2 /* Minimal Weather.app */,
				A390326A28A0D20F001537EB /* WidgetExtension.appex */,
				A390328428A0D33B001537EB /* Widget Intent.appex */,
			);
			name = Products;
			sourceTree = "<group>";
		};
		A3ECBE95284733E50058DDC2 /* Minimalist Weather */ = {
			isa = PBXGroup;
			children = (
				A3ECBE96284733E50058DDC2 /* AppDelegate.swift */,
				A3ECBEAC284750750058DDC2 /* Constants.swift */,
				A3ECBE98284733E50058DDC2 /* SceneDelegate.swift */,
				A390327F28A0D292001537EB /* Intents */,
				A3ECBEB4284815620058DDC2 /* Model */,
				A3ECBEB8284818B70058DDC2 /* View */,
				A3ECBEB7284818AB0058DDC2 /* Controller */,
				A301754928811A050051C33C /* Resources */,
				A3017548288119D40051C33C /* Supporting Files */,
				A34AAB1B28ACF53C004DC0D4 /* config.md */,
			);
			path = "Minimalist Weather";
			sourceTree = "<group>";
		};
		A3ECBEB4284815620058DDC2 /* Model */ = {
			isa = PBXGroup;
			children = (
				A3C6F3B62894955D00F2002A /* CityModel.swift */,
				A3ECBEB0284814720058DDC2 /* WeatherRequest.swift */,
				A3ECBEB2284815140058DDC2 /* WeatherModel.swift */,
				A30175422880EE2F0051C33C /* Network.swift */,
				A30175442880F6E20051C33C /* WeatherData.swift */,
				A30175462880FE570051C33C /* WeatherManager.swift */,
				A301754A28817F7B0051C33C /* ForecastModel.swift */,
				A35073F42881BF5600092B9D /* Extensions */,
				A3E529D3289A045B0094DE9F /* MulticastDelegate.swift */,
			);
			path = Model;
			sourceTree = "<group>";
		};
		A3ECBEB7284818AB0058DDC2 /* Controller */ = {
			isa = PBXGroup;
			children = (
				A3ECBE9A284733E50058DDC2 /* MainViewController.swift */,
				A3ECBEAA284740830058DDC2 /* OptionsViewController.swift */,
				A301752F287623420051C33C /* ForecastsViewController.swift */,
				A3B6E3522898DE8C00C6794B /* SearchViewController.swift */,
				A3B6E356289937A200C6794B /* SearchDetailViewController.swift */,
			);
			path = Controller;
			sourceTree = "<group>";
		};
		A3ECBEB8284818B70058DDC2 /* View */ = {
			isa = PBXGroup;
			children = (
				A30175242872E0810051C33C /* Animators */,
				A3B8A538286EC5240046CA30 /* TempContentView.swift */,
				A3B8A536286EC0800046CA30 /* TempContentView.xib */,
				A301752728732E890051C33C /* TempCell.swift */,
				A301752828732E890051C33C /* TempCell.xib */,
				A3017537287639FD0051C33C /* ForecastCell.swift */,
				A3017538287639FD0051C33C /* ForecastCell.xib */,
				A30175162870D48C0051C33C /* StickyDotsView.swift */,
			);
			path = View;
			sourceTree = "<group>";
		};
/* End PBXGroup section */

/* Begin PBXNativeTarget section */
		A390326928A0D20F001537EB /* WidgetExtension */ = {
			isa = PBXNativeTarget;
			buildConfigurationList = A390327C28A0D211001537EB /* Build configuration list for PBXNativeTarget "WidgetExtension" */;
			buildPhases = (
				A390326628A0D20F001537EB /* Sources */,
				A390326728A0D20F001537EB /* Frameworks */,
				A390326828A0D20F001537EB /* Resources */,
			);
			buildRules = (
			);
			dependencies = (
			);
			name = WidgetExtension;
			productName = WidgetExtension;
			productReference = A390326A28A0D20F001537EB /* WidgetExtension.appex */;
			productType = "com.apple.product-type.app-extension";
		};
		A390328328A0D33B001537EB /* Widget Intent */ = {
			isa = PBXNativeTarget;
			buildConfigurationList = A390328E28A0D33B001537EB /* Build configuration list for PBXNativeTarget "Widget Intent" */;
			buildPhases = (
				A390328028A0D33B001537EB /* Sources */,
				A390328128A0D33B001537EB /* Frameworks */,
				A390328228A0D33B001537EB /* Resources */,
			);
			buildRules = (
			);
			dependencies = (
			);
			name = "Widget Intent";
			productName = "Widget Intent";
			productReference = A390328428A0D33B001537EB /* Widget Intent.appex */;
			productType = "com.apple.product-type.app-extension";
		};
		A3ECBE92284733E50058DDC2 /* Minimal Weather */ = {
			isa = PBXNativeTarget;
			buildConfigurationList = A3ECBEA7284733E60058DDC2 /* Build configuration list for PBXNativeTarget "Minimal Weather" */;
			buildPhases = (
				A3ECBE8F284733E50058DDC2 /* Sources */,
				A3ECBE90284733E50058DDC2 /* Frameworks */,
				A3ECBE91284733E50058DDC2 /* Resources */,
				A390327928A0D211001537EB /* Embed App Extensions */,
			);
			buildRules = (
			);
			dependencies = (
				A390327728A0D211001537EB /* PBXTargetDependency */,
				A390328C28A0D33B001537EB /* PBXTargetDependency */,
			);
			name = "Minimal Weather";
			productName = "Minimalist Weather";
			productReference = A3ECBE93284733E50058DDC2 /* Minimal Weather.app */;
			productType = "com.apple.product-type.application";
		};
/* End PBXNativeTarget section */

/* Begin PBXProject section */
		A3ECBE8B284733E50058DDC2 /* Project object */ = {
			isa = PBXProject;
			attributes = {
				BuildIndependentTargetsInParallel = 1;
				LastSwiftUpdateCheck = 1340;
				LastUpgradeCheck = 1330;
				TargetAttributes = {
					A390326928A0D20F001537EB = {
						CreatedOnToolsVersion = 13.4.1;
					};
					A390328328A0D33B001537EB = {
						CreatedOnToolsVersion = 13.4.1;
					};
					A3ECBE92284733E50058DDC2 = {
						CreatedOnToolsVersion = 13.3.1;
					};
				};
			};
			buildConfigurationList = A3ECBE8E284733E50058DDC2 /* Build configuration list for PBXProject "Minimal Weather" */;
			compatibilityVersion = "Xcode 13.0";
			developmentRegion = en;
			hasScannedForEncodings = 0;
			knownRegions = (
				en,
				Base,
			);
			mainGroup = A3ECBE8A284733E50058DDC2;
			productRefGroup = A3ECBE94284733E50058DDC2 /* Products */;
			projectDirPath = "";
			projectRoot = "";
			targets = (
				A3ECBE92284733E50058DDC2 /* Minimal Weather */,
				A390326928A0D20F001537EB /* WidgetExtension */,
				A390328328A0D33B001537EB /* Widget Intent */,
			);
		};
/* End PBXProject section */

/* Begin PBXResourcesBuildPhase section */
		A390326828A0D20F001537EB /* Resources */ = {
			isa = PBXResourcesBuildPhase;
			buildActionMask = 2147483647;
			files = (
				A390327428A0D211001537EB /* Assets.xcassets in Resources */,
			);
			runOnlyForDeploymentPostprocessing = 0;
		};
		A390328228A0D33B001537EB /* Resources */ = {
			isa = PBXResourcesBuildPhase;
			buildActionMask = 2147483647;
			files = (
			);
			runOnlyForDeploymentPostprocessing = 0;
		};
		A3ECBE91284733E50058DDC2 /* Resources */ = {
			isa = PBXResourcesBuildPhase;
			buildActionMask = 2147483647;
			files = (
				A3B8A537286EC0800046CA30 /* TempContentView.xib in Resources */,
				A3ECBEA3284733E60058DDC2 /* LaunchScreen.storyboard in Resources */,
				A301752A28732E890051C33C /* TempCell.xib in Resources */,
				A3ECBEA0284733E60058DDC2 /* Assets.xcassets in Resources */,
				A301753A287639FD0051C33C /* ForecastCell.xib in Resources */,
				A3ECBE9E284733E50058DDC2 /* Main.storyboard in Resources */,
			);
			runOnlyForDeploymentPostprocessing = 0;
		};
/* End PBXResourcesBuildPhase section */

/* Begin PBXSourcesBuildPhase section */
		A390326628A0D20F001537EB /* Sources */ = {
			isa = PBXSourcesBuildPhase;
			buildActionMask = 2147483647;
			files = (
				A39032A028A0E966001537EB /* Constants.swift in Sources */,
				A390329928A0DA87001537EB /* WidgetTimelineProvider.swift in Sources */,
				A390329628A0D8F4001537EB /* WidgetView.swift in Sources */,
				A390327228A0D20F001537EB /* Widget.swift in Sources */,
				A390329728A0D9B1001537EB /* WeatherModel.swift in Sources */,
				A39032A428A0EF4A001537EB /* Network.swift in Sources */,
				A39032A728A0F2D1001537EB /* WeatherManager.swift in Sources */,
				A390329B28A0DAFC001537EB /* WidgetEntry.swift in Sources */,
				A39032AC28A1E280001537EB /* LocationManager.swift in Sources */,
				A390329328A0D8C2001537EB /* SelectCityIntent.intentdefinition in Sources */,
				A39032A528A0F148001537EB /* WeatherRequest.swift in Sources */,
				A390329C28A0DBD1001537EB /* CityModel.swift in Sources */,
			);
			runOnlyForDeploymentPostprocessing = 0;
		};
		A390328028A0D33B001537EB /* Sources */ = {
			isa = PBXSourcesBuildPhase;
			buildActionMask = 2147483647;
			files = (
				A39032A928A0F81A001537EB /* CityModel.swift in Sources */,
				A390328928A0D33B001537EB /* IntentHandler.swift in Sources */,
				A390329428A0D8C4001537EB /* SelectCityIntent.intentdefinition in Sources */,
				A39032A828A0F805001537EB /* Constants.swift in Sources */,
			);
			runOnlyForDeploymentPostprocessing = 0;
		};
		A3ECBE8F284733E50058DDC2 /* Sources */ = {
			isa = PBXSourcesBuildPhase;
			buildActionMask = 2147483647;
			files = (
				A301753F2877DAEA0051C33C /* SwipeInteractionController.swift in Sources */,
				A390327E28A0D286001537EB /* SelectCityIntent.intentdefinition in Sources */,
				A3ECBEAD284750750058DDC2 /* Constants.swift in Sources */,
				A3ECBEB1284814720058DDC2 /* WeatherRequest.swift in Sources */,
				A3B6E3532898DE8C00C6794B /* SearchViewController.swift in Sources */,
				A301751F2872D0B20051C33C /* PushSlideInLeftAnimator.swift in Sources */,
				A30175172870D48C0051C33C /* StickyDotsView.swift in Sources */,
				A307B4EC289564EA00E3274F /* UIScrollView+RemoveAllSubviews.swift in Sources */,
				A3ECBE9B284733E50058DDC2 /* MainViewController.swift in Sources */,
				A30175452880F6E20051C33C /* WeatherData.swift in Sources */,
				A3E529D4289A045B0094DE9F /* MulticastDelegate.swift in Sources */,
				A35073F62881DD7900092B9D /* Array+Average.swift in Sources */,
				A35073F32881BF4F00092B9D /* Date+DayOfWeek.swift in Sources */,
				A3017532287625960051C33C /* PushSlideUpAnimator.swift in Sources */,
				A3C6F3B72894955D00F2002A /* CityModel.swift in Sources */,
				A3B8A539286EC5240046CA30 /* TempContentView.swift in Sources */,
				A3B6E357289937A200C6794B /* SearchDetailViewController.swift in Sources */,
				A3ECBEAB284740830058DDC2 /* OptionsViewController.swift in Sources */,
				A35073F82881DE7100092B9D /* Collection+MostFrequent.swift in Sources */,
				A30175232872DB5D0051C33C /* PopSlideOutLeftAnimator.swift in Sources */,
				A30175472880FE570051C33C /* WeatherManager.swift in Sources */,
				A301753428762A230051C33C /* PopSlideDownAnimator.swift in Sources */,
				A301754B28817F7B0051C33C /* ForecastModel.swift in Sources */,
				A3ECBE97284733E50058DDC2 /* AppDelegate.swift in Sources */,
				A30175432880EE2F0051C33C /* Network.swift in Sources */,
				A3ECBEB3284815140058DDC2 /* WeatherModel.swift in Sources */,
				A301752928732E890051C33C /* TempCell.swift in Sources */,
				A3ECBE99284733E50058DDC2 /* SceneDelegate.swift in Sources */,
				A3017530287623420051C33C /* ForecastsViewController.swift in Sources */,
				A3017539287639FD0051C33C /* ForecastCell.swift in Sources */,
			);
			runOnlyForDeploymentPostprocessing = 0;
		};
/* End PBXSourcesBuildPhase section */

/* Begin PBXTargetDependency section */
		A390327728A0D211001537EB /* PBXTargetDependency */ = {
			isa = PBXTargetDependency;
			target = A390326928A0D20F001537EB /* WidgetExtension */;
			targetProxy = A390327628A0D211001537EB /* PBXContainerItemProxy */;
		};
		A390328C28A0D33B001537EB /* PBXTargetDependency */ = {
			isa = PBXTargetDependency;
			target = A390328328A0D33B001537EB /* Widget Intent */;
			targetProxy = A390328B28A0D33B001537EB /* PBXContainerItemProxy */;
		};
/* End PBXTargetDependency section */

/* Begin PBXVariantGroup section */
		A3ECBE9C284733E50058DDC2 /* Main.storyboard */ = {
			isa = PBXVariantGroup;
			children = (
				A3ECBE9D284733E50058DDC2 /* Base */,
			);
			name = Main.storyboard;
			sourceTree = "<group>";
		};
		A3ECBEA1284733E60058DDC2 /* LaunchScreen.storyboard */ = {
			isa = PBXVariantGroup;
			children = (
				A3ECBEA2284733E60058DDC2 /* Base */,
			);
			name = LaunchScreen.storyboard;
			sourceTree = "<group>";
		};
/* End PBXVariantGroup section */

/* Begin XCBuildConfiguration section */
		A390327A28A0D211001537EB /* Debug */ = {
			isa = XCBuildConfiguration;
			buildSettings = {
				ASSETCATALOG_COMPILER_GLOBAL_ACCENT_COLOR_NAME = AccentColor;
				ASSETCATALOG_COMPILER_WIDGET_BACKGROUND_COLOR_NAME = WidgetBackground;
				CODE_SIGN_ENTITLEMENTS = Widget/WidgetExtension.entitlements;
				CODE_SIGN_STYLE = Automatic;
				CURRENT_PROJECT_VERSION = 1;
				DEVELOPMENT_TEAM = LG87JSSL59;
				GENERATE_INFOPLIST_FILE = YES;
				INFOPLIST_FILE = Widget/Info.plist;
				INFOPLIST_KEY_CFBundleDisplayName = "Minimal Weather Widget";
				INFOPLIST_KEY_NSHumanReadableCopyright = "";
				INFOPLIST_KEY_NSLocationWhenInUseUsageDescription = "Your location is used to show local weather.";
				IPHONEOS_DEPLOYMENT_TARGET = 15.5;
				LD_RUNPATH_SEARCH_PATHS = (
					"$(inherited)",
					"@executable_path/Frameworks",
					"@executable_path/../../Frameworks",
				);
				MARKETING_VERSION = 1.0;
				PRODUCT_BUNDLE_IDENTIFIER = "com.himanshumatharu.Minimalist-Weather.Widget";
				PRODUCT_NAME = "$(TARGET_NAME)";
				SKIP_INSTALL = YES;
				SWIFT_EMIT_LOC_STRINGS = YES;
				SWIFT_VERSION = 5.0;
				TARGETED_DEVICE_FAMILY = 1;
			};
			name = Debug;
		};
		A390327B28A0D211001537EB /* Release */ = {
			isa = XCBuildConfiguration;
			buildSettings = {
				ASSETCATALOG_COMPILER_GLOBAL_ACCENT_COLOR_NAME = AccentColor;
				ASSETCATALOG_COMPILER_WIDGET_BACKGROUND_COLOR_NAME = WidgetBackground;
				CODE_SIGN_ENTITLEMENTS = Widget/WidgetExtension.entitlements;
				CODE_SIGN_STYLE = Automatic;
				CURRENT_PROJECT_VERSION = 1;
				DEVELOPMENT_TEAM = LG87JSSL59;
				GENERATE_INFOPLIST_FILE = YES;
				INFOPLIST_FILE = Widget/Info.plist;
				INFOPLIST_KEY_CFBundleDisplayName = "Minimal Weather Widget";
				INFOPLIST_KEY_NSHumanReadableCopyright = "";
				INFOPLIST_KEY_NSLocationWhenInUseUsageDescription = "Your location is used to show local weather.";
				IPHONEOS_DEPLOYMENT_TARGET = 15.5;
				LD_RUNPATH_SEARCH_PATHS = (
					"$(inherited)",
					"@executable_path/Frameworks",
					"@executable_path/../../Frameworks",
				);
				MARKETING_VERSION = 1.0;
				PRODUCT_BUNDLE_IDENTIFIER = "com.himanshumatharu.Minimalist-Weather.Widget";
				PRODUCT_NAME = "$(TARGET_NAME)";
				SKIP_INSTALL = YES;
				SWIFT_EMIT_LOC_STRINGS = YES;
				SWIFT_VERSION = 5.0;
				TARGETED_DEVICE_FAMILY = 1;
			};
			name = Release;
		};
		A390328F28A0D33B001537EB /* Debug */ = {
			isa = XCBuildConfiguration;
			buildSettings = {
				CODE_SIGN_ENTITLEMENTS = "Widget Intent/Widget Intent.entitlements";
				CODE_SIGN_STYLE = Automatic;
				CURRENT_PROJECT_VERSION = 1;
				DEVELOPMENT_TEAM = LG87JSSL59;
				GENERATE_INFOPLIST_FILE = YES;
				INFOPLIST_FILE = "Widget Intent/Info.plist";
				INFOPLIST_KEY_CFBundleDisplayName = "Minimal Weather Widget Intent";
				INFOPLIST_KEY_NSHumanReadableCopyright = "";
				IPHONEOS_DEPLOYMENT_TARGET = 15.5;
				LD_RUNPATH_SEARCH_PATHS = (
					"$(inherited)",
					"@executable_path/Frameworks",
					"@executable_path/../../Frameworks",
				);
				MARKETING_VERSION = 1.0;
				PRODUCT_BUNDLE_IDENTIFIER = "com.himanshumatharu.Minimalist-Weather.Widget-Intent";
				PRODUCT_NAME = "$(TARGET_NAME)";
				SKIP_INSTALL = YES;
				SWIFT_EMIT_LOC_STRINGS = YES;
				SWIFT_VERSION = 5.0;
				TARGETED_DEVICE_FAMILY = 1;
			};
			name = Debug;
		};
		A390329028A0D33B001537EB /* Release */ = {
			isa = XCBuildConfiguration;
			buildSettings = {
				CODE_SIGN_ENTITLEMENTS = "Widget Intent/Widget Intent.entitlements";
				CODE_SIGN_STYLE = Automatic;
				CURRENT_PROJECT_VERSION = 1;
				DEVELOPMENT_TEAM = LG87JSSL59;
				GENERATE_INFOPLIST_FILE = YES;
				INFOPLIST_FILE = "Widget Intent/Info.plist";
				INFOPLIST_KEY_CFBundleDisplayName = "Minimal Weather Widget Intent";
				INFOPLIST_KEY_NSHumanReadableCopyright = "";
				IPHONEOS_DEPLOYMENT_TARGET = 15.5;
				LD_RUNPATH_SEARCH_PATHS = (
					"$(inherited)",
					"@executable_path/Frameworks",
					"@executable_path/../../Frameworks",
				);
				MARKETING_VERSION = 1.0;
				PRODUCT_BUNDLE_IDENTIFIER = "com.himanshumatharu.Minimalist-Weather.Widget-Intent";
				PRODUCT_NAME = "$(TARGET_NAME)";
				SKIP_INSTALL = YES;
				SWIFT_EMIT_LOC_STRINGS = YES;
				SWIFT_VERSION = 5.0;
				TARGETED_DEVICE_FAMILY = 1;
			};
			name = Release;
		};
		A3ECBEA5284733E60058DDC2 /* Debug */ = {
			isa = XCBuildConfiguration;
			buildSettings = {
				ALWAYS_SEARCH_USER_PATHS = NO;
				CLANG_ANALYZER_NONNULL = YES;
				CLANG_ANALYZER_NUMBER_OBJECT_CONVERSION = YES_AGGRESSIVE;
				CLANG_CXX_LANGUAGE_STANDARD = "gnu++17";
				CLANG_ENABLE_MODULES = YES;
				CLANG_ENABLE_OBJC_ARC = YES;
				CLANG_ENABLE_OBJC_WEAK = YES;
				CLANG_WARN_BLOCK_CAPTURE_AUTORELEASING = YES;
				CLANG_WARN_BOOL_CONVERSION = YES;
				CLANG_WARN_COMMA = YES;
				CLANG_WARN_CONSTANT_CONVERSION = YES;
				CLANG_WARN_DEPRECATED_OBJC_IMPLEMENTATIONS = YES;
				CLANG_WARN_DIRECT_OBJC_ISA_USAGE = YES_ERROR;
				CLANG_WARN_DOCUMENTATION_COMMENTS = YES;
				CLANG_WARN_EMPTY_BODY = YES;
				CLANG_WARN_ENUM_CONVERSION = YES;
				CLANG_WARN_INFINITE_RECURSION = YES;
				CLANG_WARN_INT_CONVERSION = YES;
				CLANG_WARN_NON_LITERAL_NULL_CONVERSION = YES;
				CLANG_WARN_OBJC_IMPLICIT_RETAIN_SELF = YES;
				CLANG_WARN_OBJC_LITERAL_CONVERSION = YES;
				CLANG_WARN_OBJC_ROOT_CLASS = YES_ERROR;
				CLANG_WARN_QUOTED_INCLUDE_IN_FRAMEWORK_HEADER = YES;
				CLANG_WARN_RANGE_LOOP_ANALYSIS = YES;
				CLANG_WARN_STRICT_PROTOTYPES = YES;
				CLANG_WARN_SUSPICIOUS_MOVE = YES;
				CLANG_WARN_UNGUARDED_AVAILABILITY = YES_AGGRESSIVE;
				CLANG_WARN_UNREACHABLE_CODE = YES;
				CLANG_WARN__DUPLICATE_METHOD_MATCH = YES;
				COPY_PHASE_STRIP = NO;
				DEBUG_INFORMATION_FORMAT = dwarf;
				ENABLE_STRICT_OBJC_MSGSEND = YES;
				ENABLE_TESTABILITY = YES;
				GCC_C_LANGUAGE_STANDARD = gnu11;
				GCC_DYNAMIC_NO_PIC = NO;
				GCC_NO_COMMON_BLOCKS = YES;
				GCC_OPTIMIZATION_LEVEL = 0;
				GCC_PREPROCESSOR_DEFINITIONS = (
					"DEBUG=1",
					"$(inherited)",
				);
				GCC_WARN_64_TO_32_BIT_CONVERSION = YES;
				GCC_WARN_ABOUT_RETURN_TYPE = YES_ERROR;
				GCC_WARN_UNDECLARED_SELECTOR = YES;
				GCC_WARN_UNINITIALIZED_AUTOS = YES_AGGRESSIVE;
				GCC_WARN_UNUSED_FUNCTION = YES;
				GCC_WARN_UNUSED_VARIABLE = YES;
				IPHONEOS_DEPLOYMENT_TARGET = 15.4;
				MTL_ENABLE_DEBUG_INFO = INCLUDE_SOURCE;
				MTL_FAST_MATH = YES;
				ONLY_ACTIVE_ARCH = YES;
				SDKROOT = iphoneos;
				SWIFT_ACTIVE_COMPILATION_CONDITIONS = DEBUG;
				SWIFT_OPTIMIZATION_LEVEL = "-Onone";
			};
			name = Debug;
		};
		A3ECBEA6284733E60058DDC2 /* Release */ = {
			isa = XCBuildConfiguration;
			buildSettings = {
				ALWAYS_SEARCH_USER_PATHS = NO;
				CLANG_ANALYZER_NONNULL = YES;
				CLANG_ANALYZER_NUMBER_OBJECT_CONVERSION = YES_AGGRESSIVE;
				CLANG_CXX_LANGUAGE_STANDARD = "gnu++17";
				CLANG_ENABLE_MODULES = YES;
				CLANG_ENABLE_OBJC_ARC = YES;
				CLANG_ENABLE_OBJC_WEAK = YES;
				CLANG_WARN_BLOCK_CAPTURE_AUTORELEASING = YES;
				CLANG_WARN_BOOL_CONVERSION = YES;
				CLANG_WARN_COMMA = YES;
				CLANG_WARN_CONSTANT_CONVERSION = YES;
				CLANG_WARN_DEPRECATED_OBJC_IMPLEMENTATIONS = YES;
				CLANG_WARN_DIRECT_OBJC_ISA_USAGE = YES_ERROR;
				CLANG_WARN_DOCUMENTATION_COMMENTS = YES;
				CLANG_WARN_EMPTY_BODY = YES;
				CLANG_WARN_ENUM_CONVERSION = YES;
				CLANG_WARN_INFINITE_RECURSION = YES;
				CLANG_WARN_INT_CONVERSION = YES;
				CLANG_WARN_NON_LITERAL_NULL_CONVERSION = YES;
				CLANG_WARN_OBJC_IMPLICIT_RETAIN_SELF = YES;
				CLANG_WARN_OBJC_LITERAL_CONVERSION = YES;
				CLANG_WARN_OBJC_ROOT_CLASS = YES_ERROR;
				CLANG_WARN_QUOTED_INCLUDE_IN_FRAMEWORK_HEADER = YES;
				CLANG_WARN_RANGE_LOOP_ANALYSIS = YES;
				CLANG_WARN_STRICT_PROTOTYPES = YES;
				CLANG_WARN_SUSPICIOUS_MOVE = YES;
				CLANG_WARN_UNGUARDED_AVAILABILITY = YES_AGGRESSIVE;
				CLANG_WARN_UNREACHABLE_CODE = YES;
				CLANG_WARN__DUPLICATE_METHOD_MATCH = YES;
				COPY_PHASE_STRIP = NO;
				DEBUG_INFORMATION_FORMAT = "dwarf-with-dsym";
				ENABLE_NS_ASSERTIONS = NO;
				ENABLE_STRICT_OBJC_MSGSEND = YES;
				GCC_C_LANGUAGE_STANDARD = gnu11;
				GCC_NO_COMMON_BLOCKS = YES;
				GCC_WARN_64_TO_32_BIT_CONVERSION = YES;
				GCC_WARN_ABOUT_RETURN_TYPE = YES_ERROR;
				GCC_WARN_UNDECLARED_SELECTOR = YES;
				GCC_WARN_UNINITIALIZED_AUTOS = YES_AGGRESSIVE;
				GCC_WARN_UNUSED_FUNCTION = YES;
				GCC_WARN_UNUSED_VARIABLE = YES;
				IPHONEOS_DEPLOYMENT_TARGET = 15.4;
				MTL_ENABLE_DEBUG_INFO = NO;
				MTL_FAST_MATH = YES;
				SDKROOT = iphoneos;
				SWIFT_COMPILATION_MODE = wholemodule;
				SWIFT_OPTIMIZATION_LEVEL = "-O";
				VALIDATE_PRODUCT = YES;
			};
			name = Release;
		};
		A3ECBEA8284733E60058DDC2 /* Debug */ = {
			isa = XCBuildConfiguration;
			buildSettings = {
				ALWAYS_EMBED_SWIFT_STANDARD_LIBRARIES = YES;
				ASSETCATALOG_COMPILER_APPICON_NAME = AppIcon;
				ASSETCATALOG_COMPILER_GLOBAL_ACCENT_COLOR_NAME = AccentColor;
				CODE_SIGN_ENTITLEMENTS = "Minimalist Weather/Supporting Files/Minimalist Weather.entitlements";
				CODE_SIGN_STYLE = Automatic;
				CURRENT_PROJECT_VERSION = 1;
				DEVELOPMENT_TEAM = LG87JSSL59;
				GENERATE_INFOPLIST_FILE = YES;
				INFOPLIST_FILE = "Minimalist Weather/Supporting Files/Info.plist";
				INFOPLIST_KEY_CFBundleDisplayName = "Minimal Weather";
				INFOPLIST_KEY_NSLocationWhenInUseUsageDescription = "Your location is used to show local weather.";
				INFOPLIST_KEY_UIApplicationSupportsIndirectInputEvents = YES;
				INFOPLIST_KEY_UILaunchStoryboardName = LaunchScreen;
				INFOPLIST_KEY_UIMainStoryboardFile = Main;
				INFOPLIST_KEY_UISupportedInterfaceOrientations = UIInterfaceOrientationPortrait;
				INFOPLIST_KEY_UISupportedInterfaceOrientations_iPad = "UIInterfaceOrientationPortrait UIInterfaceOrientationPortraitUpsideDown UIInterfaceOrientationLandscapeLeft UIInterfaceOrientationLandscapeRight";
				INFOPLIST_KEY_UISupportedInterfaceOrientations_iPhone = "UIInterfaceOrientationPortrait UIInterfaceOrientationLandscapeLeft UIInterfaceOrientationLandscapeRight";
				LD_RUNPATH_SEARCH_PATHS = (
					"$(inherited)",
					"@executable_path/Frameworks",
				);
				MARKETING_VERSION = 1.0;
				PRODUCT_BUNDLE_IDENTIFIER = "com.himanshumatharu.Minimalist-Weather";
				PRODUCT_NAME = "$(TARGET_NAME)";
				SWIFT_EMIT_LOC_STRINGS = YES;
				SWIFT_VERSION = 5.0;
				TARGETED_DEVICE_FAMILY = 1;
			};
			name = Debug;
		};
		A3ECBEA9284733E60058DDC2 /* Release */ = {
			isa = XCBuildConfiguration;
			buildSettings = {
				ALWAYS_EMBED_SWIFT_STANDARD_LIBRARIES = YES;
				ASSETCATALOG_COMPILER_APPICON_NAME = AppIcon;
				ASSETCATALOG_COMPILER_GLOBAL_ACCENT_COLOR_NAME = AccentColor;
				CODE_SIGN_ENTITLEMENTS = "Minimalist Weather/Supporting Files/Minimalist Weather.entitlements";
				CODE_SIGN_STYLE = Automatic;
				CURRENT_PROJECT_VERSION = 1;
				DEVELOPMENT_TEAM = LG87JSSL59;
				GENERATE_INFOPLIST_FILE = YES;
				INFOPLIST_FILE = "Minimalist Weather/Supporting Files/Info.plist";
				INFOPLIST_KEY_CFBundleDisplayName = "Minimal Weather";
				INFOPLIST_KEY_NSLocationWhenInUseUsageDescription = "Your location is used to show local weather.";
				INFOPLIST_KEY_UIApplicationSupportsIndirectInputEvents = YES;
				INFOPLIST_KEY_UILaunchStoryboardName = LaunchScreen;
				INFOPLIST_KEY_UIMainStoryboardFile = Main;
				INFOPLIST_KEY_UISupportedInterfaceOrientations = UIInterfaceOrientationPortrait;
				INFOPLIST_KEY_UISupportedInterfaceOrientations_iPad = "UIInterfaceOrientationPortrait UIInterfaceOrientationPortraitUpsideDown UIInterfaceOrientationLandscapeLeft UIInterfaceOrientationLandscapeRight";
				INFOPLIST_KEY_UISupportedInterfaceOrientations_iPhone = "UIInterfaceOrientationPortrait UIInterfaceOrientationLandscapeLeft UIInterfaceOrientationLandscapeRight";
				LD_RUNPATH_SEARCH_PATHS = (
					"$(inherited)",
					"@executable_path/Frameworks",
				);
				MARKETING_VERSION = 1.0;
				PRODUCT_BUNDLE_IDENTIFIER = "com.himanshumatharu.Minimalist-Weather";
				PRODUCT_NAME = "$(TARGET_NAME)";
				SWIFT_EMIT_LOC_STRINGS = YES;
				SWIFT_VERSION = 5.0;
				TARGETED_DEVICE_FAMILY = 1;
			};
			name = Release;
		};
/* End XCBuildConfiguration section */

/* Begin XCConfigurationList section */
		A390327C28A0D211001537EB /* Build configuration list for PBXNativeTarget "WidgetExtension" */ = {
			isa = XCConfigurationList;
			buildConfigurations = (
				A390327A28A0D211001537EB /* Debug */,
				A390327B28A0D211001537EB /* Release */,
			);
			defaultConfigurationIsVisible = 0;
			defaultConfigurationName = Release;
		};
		A390328E28A0D33B001537EB /* Build configuration list for PBXNativeTarget "Widget Intent" */ = {
			isa = XCConfigurationList;
			buildConfigurations = (
				A390328F28A0D33B001537EB /* Debug */,
				A390329028A0D33B001537EB /* Release */,
			);
			defaultConfigurationIsVisible = 0;
			defaultConfigurationName = Release;
		};
		A3ECBE8E284733E50058DDC2 /* Build configuration list for PBXProject "Minimal Weather" */ = {
			isa = XCConfigurationList;
			buildConfigurations = (
				A3ECBEA5284733E60058DDC2 /* Debug */,
				A3ECBEA6284733E60058DDC2 /* Release */,
			);
			defaultConfigurationIsVisible = 0;
			defaultConfigurationName = Release;
		};
		A3ECBEA7284733E60058DDC2 /* Build configuration list for PBXNativeTarget "Minimal Weather" */ = {
			isa = XCConfigurationList;
			buildConfigurations = (
				A3ECBEA8284733E60058DDC2 /* Debug */,
				A3ECBEA9284733E60058DDC2 /* Release */,
			);
			defaultConfigurationIsVisible = 0;
			defaultConfigurationName = Release;
		};
/* End XCConfigurationList section */
	};
	rootObject = A3ECBE8B284733E50058DDC2 /* Project object */;
}
